// !$*UTF8*$!
{
	archiveVersion = 1;
	classes = {
	};
	objectVersion = 50;
	objects = {

/* Begin PBXBuildFile section */
		DFB50072270B0BB1002B5A06 /* AppDelegate.swift in Sources */ = {isa = PBXBuildFile; fileRef = DFB50071270B0BB1002B5A06 /* AppDelegate.swift */; };
		DFB50074270B0BB1002B5A06 /* SceneDelegate.swift in Sources */ = {isa = PBXBuildFile; fileRef = DFB50073270B0BB1002B5A06 /* SceneDelegate.swift */; };
		DFB50076270B0BB1002B5A06 /* ViewController.swift in Sources */ = {isa = PBXBuildFile; fileRef = DFB50075270B0BB1002B5A06 /* ViewController.swift */; };
		DFB50079270B0BB1002B5A06 /* Main.storyboard in Resources */ = {isa = PBXBuildFile; fileRef = DFB50077270B0BB1002B5A06 /* Main.storyboard */; };
		DFB5007B270B0BB4002B5A06 /* Assets.xcassets in Resources */ = {isa = PBXBuildFile; fileRef = DFB5007A270B0BB4002B5A06 /* Assets.xcassets */; };
		DFB5007E270B0BB4002B5A06 /* LaunchScreen.storyboard in Resources */ = {isa = PBXBuildFile; fileRef = DFB5007C270B0BB4002B5A06 /* LaunchScreen.storyboard */; };
		DFB5008C270B27FD002B5A06 /* secondViewController.swift in Sources */ = {isa = PBXBuildFile; fileRef = DFB5008B270B27FD002B5A06 /* secondViewController.swift */; };
/* End PBXBuildFile section */

/* Begin PBXFileReference section */
		DFB5006E270B0BB1002B5A06 /* LoginDesign.app */ = {isa = PBXFileReference; explicitFileType = wrapper.application; includeInIndex = 0; path = LoginDesign.app; sourceTree = BUILT_PRODUCTS_DIR; };
		DFB50071270B0BB1002B5A06 /* AppDelegate.swift */ = {isa = PBXFileReference; lastKnownFileType = sourcecode.swift; path = AppDelegate.swift; sourceTree = "<group>"; };
		DFB50073270B0BB1002B5A06 /* SceneDelegate.swift */ = {isa = PBXFileReference; lastKnownFileType = sourcecode.swift; path = SceneDelegate.swift; sourceTree = "<group>"; };
		DFB50075270B0BB1002B5A06 /* ViewController.swift */ = {isa = PBXFileReference; lastKnownFileType = sourcecode.swift; path = ViewController.swift; sourceTree = "<group>"; };
		DFB50078270B0BB1002B5A06 /* Base */ = {isa = PBXFileReference; lastKnownFileType = file.storyboard; name = Base; path = Base.lproj/Main.storyboard; sourceTree = "<group>"; };
		DFB5007A270B0BB4002B5A06 /* Assets.xcassets */ = {isa = PBXFileReference; lastKnownFileType = folder.assetcatalog; path = Assets.xcassets; sourceTree = "<group>"; };
		DFB5007D270B0BB4002B5A06 /* Base */ = {isa = PBXFileReference; lastKnownFileType = file.storyboard; name = Base; path = Base.lproj/LaunchScreen.storyboard; sourceTree = "<group>"; };
		DFB5007F270B0BB4002B5A06 /* Info.plist */ = {isa = PBXFileReference; lastKnownFileType = text.plist.xml; path = Info.plist; sourceTree = "<group>"; };
		DFB5008B270B27FD002B5A06 /* secondViewController.swift */ = {isa = PBXFileReference; lastKnownFileType = sourcecode.swift; path = secondViewController.swift; sourceTree = "<group>"; };
/* End PBXFileReference section */

/* Begin PBXFrameworksBuildPhase section */
		DFB5006B270B0BB1002B5A06 /* Frameworks */ = {
			isa = PBXFrameworksBuildPhase;
			buildActionMask = 2147483647;
			files = (
			);
			runOnlyForDeploymentPostprocessing = 0;
		};
/* End PBXFrameworksBuildPhase section */

/* Begin PBXGroup section */
		DFB50065270B0BB1002B5A06 = {
			isa = PBXGroup;
			children = (
				DFB50070270B0BB1002B5A06 /* LoginDesign */,
				DFB5006F270B0BB1002B5A06 /* Products */,
			);
			sourceTree = "<group>";
		};
		DFB5006F270B0BB1002B5A06 /* Products */ = {
			isa = PBXGroup;
			children = (
				DFB5006E270B0BB1002B5A06 /* LoginDesign.app */,
			);
			name = Products;
			sourceTree = "<group>";
		};
		DFB50070270B0BB1002B5A06 /* LoginDesign */ = {
			isa = PBXGroup;
			children = (
				DFB50071270B0BB1002B5A06 /* AppDelegate.swift */,
				DFB50073270B0BB1002B5A06 /* SceneDelegate.swift */,
				DFB50075270B0BB1002B5A06 /* ViewController.swift */,
				DFB50077270B0BB1002B5A06 /* Main.storyboard */,
				DFB5008B270B27FD002B5A06 /* secondViewController.swift */,
				DFB5007A270B0BB4002B5A06 /* Assets.xcassets */,
				DFB5007C270B0BB4002B5A06 /* LaunchScreen.storyboard */,
				DFB5007F270B0BB4002B5A06 /* Info.plist */,
			);
			path = LoginDesign;
			sourceTree = "<group>";
		};
/* End PBXGroup section */

/* Begin PBXNativeTarget section */
		DFB5006D270B0BB1002B5A06 /* LoginDesign */ = {
			isa = PBXNativeTarget;
			buildConfigurationList = DFB50082270B0BB4002B5A06 /* Build configuration list for PBXNativeTarget "LoginDesign" */;
			buildPhases = (
				DFB5006A270B0BB1002B5A06 /* Sources */,
				DFB5006B270B0BB1002B5A06 /* Frameworks */,
				DFB5006C270B0BB1002B5A06 /* Resources */,
			);
			buildRules = (
			);
			dependencies = (
			);
			name = LoginDesign;
			productName = LoginDesign;
			productReference = DFB5006E270B0BB1002B5A06 /* LoginDesign.app */;
			productType = "com.apple.product-type.application";
		};
/* End PBXNativeTarget section */

/* Begin PBXProject section */
		DFB50066270B0BB1002B5A06 /* Project object */ = {
			isa = PBXProject;
			attributes = {
				LastSwiftUpdateCheck = 1240;
				LastUpgradeCheck = 1240;
				TargetAttributes = {
					DFB5006D270B0BB1002B5A06 = {
						CreatedOnToolsVersion = 12.4;
					};
				};
			};
			buildConfigurationList = DFB50069270B0BB1002B5A06 /* Build configuration list for PBXProject "LoginDesign" */;
			compatibilityVersion = "Xcode 9.3";
			developmentRegion = en;
			hasScannedForEncodings = 0;
			knownRegions = (
				en,
				Base,
			);
			mainGroup = DFB50065270B0BB1002B5A06;
			productRefGroup = DFB5006F270B0BB1002B5A06 /* Products */;
			projectDirPath = "";
			projectRoot = "";
			targets = (
				DFB5006D270B0BB1002B5A06 /* LoginDesign */,
			);
		};
/* End PBXProject section */

/* Begin PBXResourcesBuildPhase section */
		DFB5006C270B0BB1002B5A06 /* Resources */ = {
			isa = PBXResourcesBuildPhase;
			buildActionMask = 2147483647;
			files = (
				DFB5007E270B0BB4002B5A06 /* LaunchScreen.storyboard in Resources */,
				DFB5007B270B0BB4002B5A06 /* Assets.xcassets in Resources */,
				DFB50079270B0BB1002B5A06 /* Main.storyboard in Resources */,
			);
			runOnlyForDeploymentPostprocessing = 0;
		};
/* End PBXResourcesBuildPhase section */

/* Begin PBXSourcesBuildPhase section */
		DFB5006A270B0BB1002B5A06 /* Sources */ = {
			isa = PBXSourcesBuildPhase;
			buildActionMask = 2147483647;
			files = (
				DFB5008C270B27FD002B5A06 /* secondViewController.swift in Sources */,
				DFB50076270B0BB1002B5A06 /* ViewController.swift in Sources */,
				DFB50072270B0BB1002B5A06 /* AppDelegate.swift in Sources */,
				DFB50074270B0BB1002B5A06 /* SceneDelegate.swift in Sources */,
			);
			runOnlyForDeploymentPostprocessing = 0;
		};
/* End PBXSourcesBuildPhase section */

/* Begin PBXVariantGroup section */
		DFB50077270B0BB1002B5A06 /* Main.storyboard */ = {
			isa = PBXVariantGroup;
			children = (
				DFB50078270B0BB1002B5A06 /* Base */,
			);
			name = Main.storyboard;
			sourceTree = "<group>";
		};
		DFB5007C270B0BB4002B5A06 /* LaunchScreen.storyboard */ = {
			isa = PBXVariantGroup;
			children = (
				DFB5007D270B0BB4002B5A06 /* Base */,
			);
			name = LaunchScreen.storyboard;
			sourceTree = "<group>";
		};
/* End PBXVariantGroup section */

/* Begin XCBuildConfiguration section */
		DFB50080270B0BB4002B5A06 /* Debug */ = {
			isa = XCBuildConfiguration;
			buildSettings = {
				ALWAYS_SEARCH_USER_PATHS = NO;
				CLANG_ANALYZER_NONNULL = YES;
				CLANG_ANALYZER_NUMBER_OBJECT_CONVERSION = YES_AGGRESSIVE;
				CLANG_CXX_LANGUAGE_STANDARD = "gnu++14";
				CLANG_CXX_LIBRARY = "libc++";
				CLANG_ENABLE_MODULES = YES;
				CLANG_ENABLE_OBJC_ARC = YES;
				CLANG_ENABLE_OBJC_WEAK = YES;
				CLANG_WARN_BLOCK_CAPTURE_AUTORELEASING = YES;
				CLANG_WARN_BOOL_CONVERSION = YES;
				CLANG_WARN_COMMA = YES;
				CLANG_WARN_CONSTANT_CONVERSION = YES;
				CLANG_WARN_DEPRECATED_OBJC_IMPLEMENTATIONS = YES;
				CLANG_WARN_DIRECT_OBJC_ISA_USAGE = YES_ERROR;
				CLANG_WARN_DOCUMENTATION_COMMENTS = YES;
				CLANG_WARN_EMPTY_BODY = YES;
				CLANG_WARN_ENUM_CONVERSION = YES;
				CLANG_WARN_INFINITE_RECURSION = YES;
				CLANG_WARN_INT_CONVERSION = YES;
				CLANG_WARN_NON_LITERAL_NULL_CONVERSION = YES;
				CLANG_WARN_OBJC_IMPLICIT_RETAIN_SELF = YES;
				CLANG_WARN_OBJC_LITERAL_CONVERSION = YES;
				CLANG_WARN_OBJC_ROOT_CLASS = YES_ERROR;
				CLANG_WARN_QUOTED_INCLUDE_IN_FRAMEWORK_HEADER = YES;
				CLANG_WARN_RANGE_LOOP_ANALYSIS = YES;
				CLANG_WARN_STRICT_PROTOTYPES = YES;
				CLANG_WARN_SUSPICIOUS_MOVE = YES;
				CLANG_WARN_UNGUARDED_AVAILABILITY = YES_AGGRESSIVE;
				CLANG_WARN_UNREACHABLE_CODE = YES;
				CLANG_WARN__DUPLICATE_METHOD_MATCH = YES;
				COPY_PHASE_STRIP = NO;
				DEBUG_INFORMATION_FORMAT = dwarf;
				ENABLE_STRICT_OBJC_MSGSEND = YES;
				ENABLE_TESTABILITY = YES;
				GCC_C_LANGUAGE_STANDARD = gnu11;
				GCC_DYNAMIC_NO_PIC = NO;
				GCC_NO_COMMON_BLOCKS = YES;
				GCC_OPTIMIZATION_LEVEL = 0;
				GCC_PREPROCESSOR_DEFINITIONS = (
					"DEBUG=1",
					"$(inherited)",
				);
				GCC_WARN_64_TO_32_BIT_CONVERSION = YES;
				GCC_WARN_ABOUT_RETURN_TYPE = YES_ERROR;
				GCC_WARN_UNDECLARED_SELECTOR = YES;
				GCC_WARN_UNINITIALIZED_AUTOS = YES_AGGRESSIVE;
				GCC_WARN_UNUSED_FUNCTION = YES;
				GCC_WARN_UNUSED_VARIABLE = YES;
				IPHONEOS_DEPLOYMENT_TARGET = 14.4;
				MTL_ENABLE_DEBUG_INFO = INCLUDE_SOURCE;
				MTL_FAST_MATH = YES;
				ONLY_ACTIVE_ARCH = YES;
				SDKROOT = iphoneos;
				SWIFT_ACTIVE_COMPILATION_CONDITIONS = DEBUG;
				SWIFT_OPTIMIZATION_LEVEL = "-Onone";
			};
			name = Debug;
		};
		DFB50081270B0BB4002B5A06 /* Release */ = {
			isa = XCBuildConfiguration;
			buildSettings = {
				ALWAYS_SEARCH_USER_PATHS = NO;
				CLANG_ANALYZER_NONNULL = YES;
				CLANG_ANALYZER_NUMBER_OBJECT_CONVERSION = YES_AGGRESSIVE;
				CLANG_CXX_LANGUAGE_STANDARD = "gnu++14";
				CLANG_CXX_LIBRARY = "libc++";
				CLANG_ENABLE_MODULES = YES;
				CLANG_ENABLE_OBJC_ARC = YES;
				CLANG_ENABLE_OBJC_WEAK = YES;
				CLANG_WARN_BLOCK_CAPTURE_AUTORELEASING = YES;
				CLANG_WARN_BOOL_CONVERSION = YES;
				CLANG_WARN_COMMA = YES;
				CLANG_WARN_CONSTANT_CONVERSION = YES;
				CLANG_WARN_DEPRECATED_OBJC_IMPLEMENTATIONS = YES;
				CLANG_WARN_DIRECT_OBJC_ISA_USAGE = YES_ERROR;
				CLANG_WARN_DOCUMENTATION_COMMENTS = YES;
				CLANG_WARN_EMPTY_BODY = YES;
				CLANG_WARN_ENUM_CONVERSION = YES;
				CLANG_WARN_INFINITE_RECURSION = YES;
				CLANG_WARN_INT_CONVERSION = YES;
				CLANG_WARN_NON_LITERAL_NULL_CONVERSION = YES;
				CLANG_WARN_OBJC_IMPLICIT_RETAIN_SELF = YES;
				CLANG_WARN_OBJC_LITERAL_CONVERSION = YES;
				CLANG_WARN_OBJC_ROOT_CLASS = YES_ERROR;
				CLANG_WARN_QUOTED_INCLUDE_IN_FRAMEWORK_HEADER = YES;
				CLANG_WARN_RANGE_LOOP_ANALYSIS = YES;
				CLANG_WARN_STRICT_PROTOTYPES = YES;
				CLANG_WARN_SUSPICIOUS_MOVE = YES;
				CLANG_WARN_UNGUARDED_AVAILABILITY = YES_AGGRESSIVE;
				CLANG_WARN_UNREACHABLE_CODE = YES;
				CLANG_WARN__DUPLICATE_METHOD_MATCH = YES;
				COPY_PHASE_STRIP = NO;
				DEBUG_INFORMATION_FORMAT = "dwarf-with-dsym";
				ENABLE_NS_ASSERTIONS = NO;
				ENABLE_STRICT_OBJC_MSGSEND = YES;
				GCC_C_LANGUAGE_STANDARD = gnu11;
				GCC_NO_COMMON_BLOCKS = YES;
				GCC_WARN_64_TO_32_BIT_CONVERSION = YES;
				GCC_WARN_ABOUT_RETURN_TYPE = YES_ERROR;
				GCC_WARN_UNDECLARED_SELECTOR = YES;
				GCC_WARN_UNINITIALIZED_AUTOS = YES_AGGRESSIVE;
				GCC_WARN_UNUSED_FUNCTION = YES;
				GCC_WARN_UNUSED_VARIABLE = YES;
				IPHONEOS_DEPLOYMENT_TARGET = 14.4;
				MTL_ENABLE_DEBUG_INFO = NO;
				MTL_FAST_MATH = YES;
				SDKROOT = iphoneos;
				SWIFT_COMPILATION_MODE = wholemodule;
				SWIFT_OPTIMIZATION_LEVEL = "-O";
				VALIDATE_PRODUCT = YES;
			};
			name = Release;
		};
		DFB50083270B0BB4002B5A06 /* Debug */ = {
			isa = XCBuildConfiguration;
			buildSettings = {
				ASSETCATALOG_COMPILER_APPICON_NAME = AppIcon;
				ASSETCATALOG_COMPILER_GLOBAL_ACCENT_COLOR_NAME = AccentColor;
				CODE_SIGN_STYLE = Automatic;
				INFOPLIST_FILE = LoginDesign/Info.plist;
				LD_RUNPATH_SEARCH_PATHS = (
					"$(inherited)",
					"@executable_path/Frameworks",
				);
				PRODUCT_BUNDLE_IDENTIFIER = com.app.LoginDesign;
				PRODUCT_NAME = "$(TARGET_NAME)";
				SWIFT_VERSION = 5.0;
				TARGETED_DEVICE_FAMILY = "1,2";
			};
			name = Debug;
		};
		DFB50084270B0BB4002B5A06 /* Release */ = {
			isa = XCBuildConfiguration;
			buildSettings = {
				ASSETCATALOG_COMPILER_APPICON_NAME = AppIcon;
				ASSETCATALOG_COMPILER_GLOBAL_ACCENT_COLOR_NAME = AccentColor;
				CODE_SIGN_STYLE = Automatic;
				INFOPLIST_FILE = LoginDesign/Info.plist;
				LD_RUNPATH_SEARCH_PATHS = (
					"$(inherited)",
					"@executable_path/Frameworks",
				);
				PRODUCT_BUNDLE_IDENTIFIER = com.app.LoginDesign;
				PRODUCT_NAME = "$(TARGET_NAME)";
				SWIFT_VERSION = 5.0;
				TARGETED_DEVICE_FAMILY = "1,2";
			};
			name = Release;
		};
/* End XCBuildConfiguration section */

/* Begin XCConfigurationList section */
		DFB50069270B0BB1002B5A06 /* Build configuration list for PBXProject "LoginDesign" */ = {
			isa = XCConfigurationList;
			buildConfigurations = (
				DFB50080270B0BB4002B5A06 /* Debug */,
				DFB50081270B0BB4002B5A06 /* Release */,
			);
			defaultConfigurationIsVisible = 0;
			defaultConfigurationName = Release;
		};
		DFB50082270B0BB4002B5A06 /* Build configuration list for PBXNativeTarget "LoginDesign" */ = {
			isa = XCConfigurationList;
			buildConfigurations = (
				DFB50083270B0BB4002B5A06 /* Debug */,
				DFB50084270B0BB4002B5A06 /* Release */,
			);
			defaultConfigurationIsVisible = 0;
			defaultConfigurationName = Release;
		};
/* End XCConfigurationList section */
	};
	rootObject = DFB50066270B0BB1002B5A06 /* Project object */;
}
