// !$*UTF8*$!
{
	archiveVersion = 1;
	classes = {
	};
	objectVersion = 50;
	objects = {

/* Begin PBXBuildFile section */
		DF319A5D270C4FC900790897 /* calculateMAxViewController.swift in Sources */ = {isa = PBXBuildFile; fileRef = DF319A5C270C4FC900790897 /* calculateMAxViewController.swift */; };
		DFFCEB30270C2CC500EF7551 /* AppDelegate.swift in Sources */ = {isa = PBXBuildFile; fileRef = DFFCEB2F270C2CC500EF7551 /* AppDelegate.swift */; };
		DFFCEB32270C2CC600EF7551 /* SceneDelegate.swift in Sources */ = {isa = PBXBuildFile; fileRef = DFFCEB31270C2CC600EF7551 /* SceneDelegate.swift */; };
		DFFCEB34270C2CC600EF7551 /* ViewController.swift in Sources */ = {isa = PBXBuildFile; fileRef = DFFCEB33270C2CC600EF7551 /* ViewController.swift */; };
		DFFCEB37270C2CC600EF7551 /* Main.storyboard in Resources */ = {isa = PBXBuildFile; fileRef = DFFCEB35270C2CC600EF7551 /* Main.storyboard */; };
		DFFCEB39270C2CC700EF7551 /* Assets.xcassets in Resources */ = {isa = PBXBuildFile; fileRef = DFFCEB38270C2CC700EF7551 /* Assets.xcassets */; };
		DFFCEB3C270C2CC700EF7551 /* LaunchScreen.storyboard in Resources */ = {isa = PBXBuildFile; fileRef = DFFCEB3A270C2CC700EF7551 /* LaunchScreen.storyboard */; };
/* End PBXBuildFile section */

/* Begin PBXFileReference section */
		DF319A5C270C4FC900790897 /* calculateMAxViewController.swift */ = {isa = PBXFileReference; lastKnownFileType = sourcecode.swift; path = calculateMAxViewController.swift; sourceTree = "<group>"; };
		DFFCEB2C270C2CC500EF7551 /* MaxProfit.app */ = {isa = PBXFileReference; explicitFileType = wrapper.application; includeInIndex = 0; path = MaxProfit.app; sourceTree = BUILT_PRODUCTS_DIR; };
		DFFCEB2F270C2CC500EF7551 /* AppDelegate.swift */ = {isa = PBXFileReference; lastKnownFileType = sourcecode.swift; path = AppDelegate.swift; sourceTree = "<group>"; };
		DFFCEB31270C2CC600EF7551 /* SceneDelegate.swift */ = {isa = PBXFileReference; lastKnownFileType = sourcecode.swift; path = SceneDelegate.swift; sourceTree = "<group>"; };
		DFFCEB33270C2CC600EF7551 /* ViewController.swift */ = {isa = PBXFileReference; lastKnownFileType = sourcecode.swift; path = ViewController.swift; sourceTree = "<group>"; };
		DFFCEB36270C2CC600EF7551 /* Base */ = {isa = PBXFileReference; lastKnownFileType = file.storyboard; name = Base; path = Base.lproj/Main.storyboard; sourceTree = "<group>"; };
		DFFCEB38270C2CC700EF7551 /* Assets.xcassets */ = {isa = PBXFileReference; lastKnownFileType = folder.assetcatalog; path = Assets.xcassets; sourceTree = "<group>"; };
		DFFCEB3B270C2CC700EF7551 /* Base */ = {isa = PBXFileReference; lastKnownFileType = file.storyboard; name = Base; path = Base.lproj/LaunchScreen.storyboard; sourceTree = "<group>"; };
		DFFCEB3D270C2CC700EF7551 /* Info.plist */ = {isa = PBXFileReference; lastKnownFileType = text.plist.xml; path = Info.plist; sourceTree = "<group>"; };
/* End PBXFileReference section */

/* Begin PBXFrameworksBuildPhase section */
		DFFCEB29270C2CC500EF7551 /* Frameworks */ = {
			isa = PBXFrameworksBuildPhase;
			buildActionMask = 2147483647;
			files = (
			);
			runOnlyForDeploymentPostprocessing = 0;
		};
/* End PBXFrameworksBuildPhase section */

/* Begin PBXGroup section */
		DFFCEB23270C2CC500EF7551 = {
			isa = PBXGroup;
			children = (
				DFFCEB2E270C2CC500EF7551 /* MaxProfit */,
				DFFCEB2D270C2CC500EF7551 /* Products */,
			);
			sourceTree = "<group>";
		};
		DFFCEB2D270C2CC500EF7551 /* Products */ = {
			isa = PBXGroup;
			children = (
				DFFCEB2C270C2CC500EF7551 /* MaxProfit.app */,
			);
			name = Products;
			sourceTree = "<group>";
		};
		DFFCEB2E270C2CC500EF7551 /* MaxProfit */ = {
			isa = PBXGroup;
			children = (
				DFFCEB2F270C2CC500EF7551 /* AppDelegate.swift */,
				DFFCEB31270C2CC600EF7551 /* SceneDelegate.swift */,
				DFFCEB33270C2CC600EF7551 /* ViewController.swift */,
				DFFCEB35270C2CC600EF7551 /* Main.storyboard */,
				DF319A5C270C4FC900790897 /* calculateMAxViewController.swift */,
				DFFCEB38270C2CC700EF7551 /* Assets.xcassets */,
				DFFCEB3A270C2CC700EF7551 /* LaunchScreen.storyboard */,
				DFFCEB3D270C2CC700EF7551 /* Info.plist */,
			);
			path = MaxProfit;
			sourceTree = "<group>";
		};
/* End PBXGroup section */

/* Begin PBXNativeTarget section */
		DFFCEB2B270C2CC500EF7551 /* MaxProfit */ = {
			isa = PBXNativeTarget;
			buildConfigurationList = DFFCEB40270C2CC700EF7551 /* Build configuration list for PBXNativeTarget "MaxProfit" */;
			buildPhases = (
				DFFCEB28270C2CC500EF7551 /* Sources */,
				DFFCEB29270C2CC500EF7551 /* Frameworks */,
				DFFCEB2A270C2CC500EF7551 /* Resources */,
			);
			buildRules = (
			);
			dependencies = (
			);
			name = MaxProfit;
			productName = MaxProfit;
			productReference = DFFCEB2C270C2CC500EF7551 /* MaxProfit.app */;
			productType = "com.apple.product-type.application";
		};
/* End PBXNativeTarget section */

/* Begin PBXProject section */
		DFFCEB24270C2CC500EF7551 /* Project object */ = {
			isa = PBXProject;
			attributes = {
				LastSwiftUpdateCheck = 1240;
				LastUpgradeCheck = 1240;
				TargetAttributes = {
					DFFCEB2B270C2CC500EF7551 = {
						CreatedOnToolsVersion = 12.4;
					};
				};
			};
			buildConfigurationList = DFFCEB27270C2CC500EF7551 /* Build configuration list for PBXProject "MaxProfit" */;
			compatibilityVersion = "Xcode 9.3";
			developmentRegion = en;
			hasScannedForEncodings = 0;
			knownRegions = (
				en,
				Base,
			);
			mainGroup = DFFCEB23270C2CC500EF7551;
			productRefGroup = DFFCEB2D270C2CC500EF7551 /* Products */;
			projectDirPath = "";
			projectRoot = "";
			targets = (
				DFFCEB2B270C2CC500EF7551 /* MaxProfit */,
			);
		};
/* End PBXProject section */

/* Begin PBXResourcesBuildPhase section */
		DFFCEB2A270C2CC500EF7551 /* Resources */ = {
			isa = PBXResourcesBuildPhase;
			buildActionMask = 2147483647;
			files = (
				DFFCEB3C270C2CC700EF7551 /* LaunchScreen.storyboard in Resources */,
				DFFCEB39270C2CC700EF7551 /* Assets.xcassets in Resources */,
				DFFCEB37270C2CC600EF7551 /* Main.storyboard in Resources */,
			);
			runOnlyForDeploymentPostprocessing = 0;
		};
/* End PBXResourcesBuildPhase section */

/* Begin PBXSourcesBuildPhase section */
		DFFCEB28270C2CC500EF7551 /* Sources */ = {
			isa = PBXSourcesBuildPhase;
			buildActionMask = 2147483647;
			files = (
				DF319A5D270C4FC900790897 /* calculateMAxViewController.swift in Sources */,
				DFFCEB34270C2CC600EF7551 /* ViewController.swift in Sources */,
				DFFCEB30270C2CC500EF7551 /* AppDelegate.swift in Sources */,
				DFFCEB32270C2CC600EF7551 /* SceneDelegate.swift in Sources */,
			);
			runOnlyForDeploymentPostprocessing = 0;
		};
/* End PBXSourcesBuildPhase section */

/* Begin PBXVariantGroup section */
		DFFCEB35270C2CC600EF7551 /* Main.storyboard */ = {
			isa = PBXVariantGroup;
			children = (
				DFFCEB36270C2CC600EF7551 /* Base */,
			);
			name = Main.storyboard;
			sourceTree = "<group>";
		};
		DFFCEB3A270C2CC700EF7551 /* LaunchScreen.storyboard */ = {
			isa = PBXVariantGroup;
			children = (
				DFFCEB3B270C2CC700EF7551 /* Base */,
			);
			name = LaunchScreen.storyboard;
			sourceTree = "<group>";
		};
/* End PBXVariantGroup section */

/* Begin XCBuildConfiguration section */
		DFFCEB3E270C2CC700EF7551 /* Debug */ = {
			isa = XCBuildConfiguration;
			buildSettings = {
				ALWAYS_SEARCH_USER_PATHS = NO;
				CLANG_ANALYZER_NONNULL = YES;
				CLANG_ANALYZER_NUMBER_OBJECT_CONVERSION = YES_AGGRESSIVE;
				CLANG_CXX_LANGUAGE_STANDARD = "gnu++14";
				CLANG_CXX_LIBRARY = "libc++";
				CLANG_ENABLE_MODULES = YES;
				CLANG_ENABLE_OBJC_ARC = YES;
				CLANG_ENABLE_OBJC_WEAK = YES;
				CLANG_WARN_BLOCK_CAPTURE_AUTORELEASING = YES;
				CLANG_WARN_BOOL_CONVERSION = YES;
				CLANG_WARN_COMMA = YES;
				CLANG_WARN_CONSTANT_CONVERSION = YES;
				CLANG_WARN_DEPRECATED_OBJC_IMPLEMENTATIONS = YES;
				CLANG_WARN_DIRECT_OBJC_ISA_USAGE = YES_ERROR;
				CLANG_WARN_DOCUMENTATION_COMMENTS = YES;
				CLANG_WARN_EMPTY_BODY = YES;
				CLANG_WARN_ENUM_CONVERSION = YES;
				CLANG_WARN_INFINITE_RECURSION = YES;
				CLANG_WARN_INT_CONVERSION = YES;
				CLANG_WARN_NON_LITERAL_NULL_CONVERSION = YES;
				CLANG_WARN_OBJC_IMPLICIT_RETAIN_SELF = YES;
				CLANG_WARN_OBJC_LITERAL_CONVERSION = YES;
				CLANG_WARN_OBJC_ROOT_CLASS = YES_ERROR;
				CLANG_WARN_QUOTED_INCLUDE_IN_FRAMEWORK_HEADER = YES;
				CLANG_WARN_RANGE_LOOP_ANALYSIS = YES;
				CLANG_WARN_STRICT_PROTOTYPES = YES;
				CLANG_WARN_SUSPICIOUS_MOVE = YES;
				CLANG_WARN_UNGUARDED_AVAILABILITY = YES_AGGRESSIVE;
				CLANG_WARN_UNREACHABLE_CODE = YES;
				CLANG_WARN__DUPLICATE_METHOD_MATCH = YES;
				COPY_PHASE_STRIP = NO;
				DEBUG_INFORMATION_FORMAT = dwarf;
				ENABLE_STRICT_OBJC_MSGSEND = YES;
				ENABLE_TESTABILITY = YES;
				GCC_C_LANGUAGE_STANDARD = gnu11;
				GCC_DYNAMIC_NO_PIC = NO;
				GCC_NO_COMMON_BLOCKS = YES;
				GCC_OPTIMIZATION_LEVEL = 0;
				GCC_PREPROCESSOR_DEFINITIONS = (
					"DEBUG=1",
					"$(inherited)",
				);
				GCC_WARN_64_TO_32_BIT_CONVERSION = YES;
				GCC_WARN_ABOUT_RETURN_TYPE = YES_ERROR;
				GCC_WARN_UNDECLARED_SELECTOR = YES;
				GCC_WARN_UNINITIALIZED_AUTOS = YES_AGGRESSIVE;
				GCC_WARN_UNUSED_FUNCTION = YES;
				GCC_WARN_UNUSED_VARIABLE = YES;
				IPHONEOS_DEPLOYMENT_TARGET = 14.4;
				MTL_ENABLE_DEBUG_INFO = INCLUDE_SOURCE;
				MTL_FAST_MATH = YES;
				ONLY_ACTIVE_ARCH = YES;
				SDKROOT = iphoneos;
				SWIFT_ACTIVE_COMPILATION_CONDITIONS = DEBUG;
				SWIFT_OPTIMIZATION_LEVEL = "-Onone";
			};
			name = Debug;
		};
		DFFCEB3F270C2CC700EF7551 /* Release */ = {
			isa = XCBuildConfiguration;
			buildSettings = {
				ALWAYS_SEARCH_USER_PATHS = NO;
				CLANG_ANALYZER_NONNULL = YES;
				CLANG_ANALYZER_NUMBER_OBJECT_CONVERSION = YES_AGGRESSIVE;
				CLANG_CXX_LANGUAGE_STANDARD = "gnu++14";
				CLANG_CXX_LIBRARY = "libc++";
				CLANG_ENABLE_MODULES = YES;
				CLANG_ENABLE_OBJC_ARC = YES;
				CLANG_ENABLE_OBJC_WEAK = YES;
				CLANG_WARN_BLOCK_CAPTURE_AUTORELEASING = YES;
				CLANG_WARN_BOOL_CONVERSION = YES;
				CLANG_WARN_COMMA = YES;
				CLANG_WARN_CONSTANT_CONVERSION = YES;
				CLANG_WARN_DEPRECATED_OBJC_IMPLEMENTATIONS = YES;
				CLANG_WARN_DIRECT_OBJC_ISA_USAGE = YES_ERROR;
				CLANG_WARN_DOCUMENTATION_COMMENTS = YES;
				CLANG_WARN_EMPTY_BODY = YES;
				CLANG_WARN_ENUM_CONVERSION = YES;
				CLANG_WARN_INFINITE_RECURSION = YES;
				CLANG_WARN_INT_CONVERSION = YES;
				CLANG_WARN_NON_LITERAL_NULL_CONVERSION = YES;
				CLANG_WARN_OBJC_IMPLICIT_RETAIN_SELF = YES;
				CLANG_WARN_OBJC_LITERAL_CONVERSION = YES;
				CLANG_WARN_OBJC_ROOT_CLASS = YES_ERROR;
				CLANG_WARN_QUOTED_INCLUDE_IN_FRAMEWORK_HEADER = YES;
				CLANG_WARN_RANGE_LOOP_ANALYSIS = YES;
				CLANG_WARN_STRICT_PROTOTYPES = YES;
				CLANG_WARN_SUSPICIOUS_MOVE = YES;
				CLANG_WARN_UNGUARDED_AVAILABILITY = YES_AGGRESSIVE;
				CLANG_WARN_UNREACHABLE_CODE = YES;
				CLANG_WARN__DUPLICATE_METHOD_MATCH = YES;
				COPY_PHASE_STRIP = NO;
				DEBUG_INFORMATION_FORMAT = "dwarf-with-dsym";
				ENABLE_NS_ASSERTIONS = NO;
				ENABLE_STRICT_OBJC_MSGSEND = YES;
				GCC_C_LANGUAGE_STANDARD = gnu11;
				GCC_NO_COMMON_BLOCKS = YES;
				GCC_WARN_64_TO_32_BIT_CONVERSION = YES;
				GCC_WARN_ABOUT_RETURN_TYPE = YES_ERROR;
				GCC_WARN_UNDECLARED_SELECTOR = YES;
				GCC_WARN_UNINITIALIZED_AUTOS = YES_AGGRESSIVE;
				GCC_WARN_UNUSED_FUNCTION = YES;
				GCC_WARN_UNUSED_VARIABLE = YES;
				IPHONEOS_DEPLOYMENT_TARGET = 14.4;
				MTL_ENABLE_DEBUG_INFO = NO;
				MTL_FAST_MATH = YES;
				SDKROOT = iphoneos;
				SWIFT_COMPILATION_MODE = wholemodule;
				SWIFT_OPTIMIZATION_LEVEL = "-O";
				VALIDATE_PRODUCT = YES;
			};
			name = Release;
		};
		DFFCEB41270C2CC700EF7551 /* Debug */ = {
			isa = XCBuildConfiguration;
			buildSettings = {
				ASSETCATALOG_COMPILER_APPICON_NAME = AppIcon;
				ASSETCATALOG_COMPILER_GLOBAL_ACCENT_COLOR_NAME = AccentColor;
				CODE_SIGN_STYLE = Automatic;
				INFOPLIST_FILE = MaxProfit/Info.plist;
				LD_RUNPATH_SEARCH_PATHS = (
					"$(inherited)",
					"@executable_path/Frameworks",
				);
				PRODUCT_BUNDLE_IDENTIFIER = com.app.MaxProfit;
				PRODUCT_NAME = "$(TARGET_NAME)";
				SWIFT_VERSION = 5.0;
				TARGETED_DEVICE_FAMILY = "1,2";
			};
			name = Debug;
		};
		DFFCEB42270C2CC700EF7551 /* Release */ = {
			isa = XCBuildConfiguration;
			buildSettings = {
				ASSETCATALOG_COMPILER_APPICON_NAME = AppIcon;
				ASSETCATALOG_COMPILER_GLOBAL_ACCENT_COLOR_NAME = AccentColor;
				CODE_SIGN_STYLE = Automatic;
				INFOPLIST_FILE = MaxProfit/Info.plist;
				LD_RUNPATH_SEARCH_PATHS = (
					"$(inherited)",
					"@executable_path/Frameworks",
				);
				PRODUCT_BUNDLE_IDENTIFIER = com.app.MaxProfit;
				PRODUCT_NAME = "$(TARGET_NAME)";
				SWIFT_VERSION = 5.0;
				TARGETED_DEVICE_FAMILY = "1,2";
			};
			name = Release;
		};
/* End XCBuildConfiguration section */

/* Begin XCConfigurationList section */
		DFFCEB27270C2CC500EF7551 /* Build configuration list for PBXProject "MaxProfit" */ = {
			isa = XCConfigurationList;
			buildConfigurations = (
				DFFCEB3E270C2CC700EF7551 /* Debug */,
				DFFCEB3F270C2CC700EF7551 /* Release */,
			);
			defaultConfigurationIsVisible = 0;
			defaultConfigurationName = Release;
		};
		DFFCEB40270C2CC700EF7551 /* Build configuration list for PBXNativeTarget "MaxProfit" */ = {
			isa = XCConfigurationList;
			buildConfigurations = (
				DFFCEB41270C2CC700EF7551 /* Debug */,
				DFFCEB42270C2CC700EF7551 /* Release */,
			);
			defaultConfigurationIsVisible = 0;
			defaultConfigurationName = Release;
		};
/* End XCConfigurationList section */
	};
	rootObject = DFFCEB24270C2CC500EF7551 /* Project object */;
}
